
Microsoft Visual Studio Solution File, Format Version 12.00
# Visual Studio 15
VisualStudioVersion = 15.0.28307.757
MinimumVisualStudioVersion = 10.0.40219.1
Project("{FAE04EC0-301F-11D3-BF4B-00C04F79EFBC}") = "ComboBoxWithPicture", "ComboBoxWithPicture\ComboBoxWithPicture.csproj", "{65902F0E-4085-41FE-B948-C96B59425D13}"
EndProject
Global
	GlobalSection(SolutionConfigurationPlatforms) = preSolution
		Debug|Any CPU = Debug|Any CPU
		Release|Any CPU = Release|Any CPU
	EndGlobalSection
	GlobalSection(ProjectConfigurationPlatforms) = postSolution
		{65902F0E-4085-41FE-B948-C96B59425D13}.Debug|Any CPU.ActiveCfg = Debug|Any CPU
		{65902F0E-4085-41FE-B948-C96B59425D13}.Debug|Any CPU.Build.0 = Debug|Any CPU
		{65902F0E-4085-41FE-B948-C96B59425D13}.Release|Any CPU.ActiveCfg = Release|Any CPU
		{65902F0E-4085-41FE-B948-C96B59425D13}.Release|Any CPU.Build.0 = Release|Any CPU
	EndGlobalSection
	GlobalSection(SolutionProperties) = preSolution
		HideSolutionNode = FALSE
	EndGlobalSection
	GlobalSection(ExtensibilityGlobals) = postSolution
		SolutionGuid = {926CA04F-10B6-4B7F-AFB1-71788B785A53}
	EndGlobalSection
EndGlobal
